
Microsoft Visual Studio Solution File, Format Version 12.00
# Visual Studio 14
VisualStudioVersion = 14.0.25420.1
MinimumVisualStudioVersion = 10.0.40219.1
Project("{FAE04EC0-301F-11D3-BF4B-00C04F79EFBC}") = "HelloWorld.Api", "HelloWorld.Api\HelloWorld.Api.csproj", "{4D5D3579-A7A1-46FC-BF22-D78755CCCC74}"
EndProject
Project("{FAE04EC0-301F-11D3-BF4B-00C04F79EFBC}") = "HelloWorld.Common", "HelloWorld.Common\HelloWorld.Common.csproj", "{3881FD56-F24B-4D99-9F64-06F96C6411B2}"
EndProject
Project("{00D1A9C2-B5F0-4AF3-8072-F6C62B433612}") = "HelloWorld.Sql", "HelloWorld.Sql\HelloWorld.Sql.sqlproj", "{C5CF7EAD-71F7-4947-99CC-0FE73756DBDF}"
EndProject
Project("{FAE04EC0-301F-11D3-BF4B-00C04F79EFBC}") = "HelloWorld.Data", "HelloWorld.Data\HelloWorld.Data.csproj", "{8FA460A2-B1FE-4912-8351-AD3D4C0E3AD8}"
EndProject
Project("{FAE04EC0-301F-11D3-BF4B-00C04F79EFBC}") = "HelloWorld.Data.Model", "HelloWorld.Data.Model\HelloWorld.Data.Model.csproj", "{FA454BB1-731B-4BC1-9417-77EDE551C989}"
EndProject
Project("{FAE04EC0-301F-11D3-BF4B-00C04F79EFBC}") = "HelloWorld.Core", "HelloWorld.Core\HelloWorld.Core.csproj", "{DB6EB859-6085-4724-B57D-4CECA5755625}"
EndProject
Global
	GlobalSection(SolutionConfigurationPlatforms) = preSolution
		Debug|Any CPU = Debug|Any CPU
		Release|Any CPU = Release|Any CPU
	EndGlobalSection
	GlobalSection(ProjectConfigurationPlatforms) = postSolution
		{4D5D3579-A7A1-46FC-BF22-D78755CCCC74}.Debug|Any CPU.ActiveCfg = Debug|Any CPU
		{4D5D3579-A7A1-46FC-BF22-D78755CCCC74}.Debug|Any CPU.Build.0 = Debug|Any CPU
		{4D5D3579-A7A1-46FC-BF22-D78755CCCC74}.Release|Any CPU.ActiveCfg = Release|Any CPU
		{4D5D3579-A7A1-46FC-BF22-D78755CCCC74}.Release|Any CPU.Build.0 = Release|Any CPU
		{3881FD56-F24B-4D99-9F64-06F96C6411B2}.Debug|Any CPU.ActiveCfg = Debug|Any CPU
		{3881FD56-F24B-4D99-9F64-06F96C6411B2}.Debug|Any CPU.Build.0 = Debug|Any CPU
		{3881FD56-F24B-4D99-9F64-06F96C6411B2}.Release|Any CPU.ActiveCfg = Release|Any CPU
		{3881FD56-F24B-4D99-9F64-06F96C6411B2}.Release|Any CPU.Build.0 = Release|Any CPU
		{C5CF7EAD-71F7-4947-99CC-0FE73756DBDF}.Debug|Any CPU.ActiveCfg = Debug|Any CPU
		{C5CF7EAD-71F7-4947-99CC-0FE73756DBDF}.Debug|Any CPU.Build.0 = Debug|Any CPU
		{C5CF7EAD-71F7-4947-99CC-0FE73756DBDF}.Debug|Any CPU.Deploy.0 = Debug|Any CPU
		{C5CF7EAD-71F7-4947-99CC-0FE73756DBDF}.Release|Any CPU.ActiveCfg = Release|Any CPU
		{C5CF7EAD-71F7-4947-99CC-0FE73756DBDF}.Release|Any CPU.Build.0 = Release|Any CPU
		{C5CF7EAD-71F7-4947-99CC-0FE73756DBDF}.Release|Any CPU.Deploy.0 = Release|Any CPU
		{8FA460A2-B1FE-4912-8351-AD3D4C0E3AD8}.Debug|Any CPU.ActiveCfg = Debug|Any CPU
		{8FA460A2-B1FE-4912-8351-AD3D4C0E3AD8}.Debug|Any CPU.Build.0 = Debug|Any CPU
		{8FA460A2-B1FE-4912-8351-AD3D4C0E3AD8}.Release|Any CPU.ActiveCfg = Release|Any CPU
		{8FA460A2-B1FE-4912-8351-AD3D4C0E3AD8}.Release|Any CPU.Build.0 = Release|Any CPU
		{FA454BB1-731B-4BC1-9417-77EDE551C989}.Debug|Any CPU.ActiveCfg = Debug|Any CPU
		{FA454BB1-731B-4BC1-9417-77EDE551C989}.Debug|Any CPU.Build.0 = Debug|Any CPU
		{FA454BB1-731B-4BC1-9417-77EDE551C989}.Release|Any CPU.ActiveCfg = Release|Any CPU
		{FA454BB1-731B-4BC1-9417-77EDE551C989}.Release|Any CPU.Build.0 = Release|Any CPU
		{DB6EB859-6085-4724-B57D-4CECA5755625}.Debug|Any CPU.ActiveCfg = Debug|Any CPU
		{DB6EB859-6085-4724-B57D-4CECA5755625}.Debug|Any CPU.Build.0 = Debug|Any CPU
		{DB6EB859-6085-4724-B57D-4CECA5755625}.Release|Any CPU.ActiveCfg = Release|Any CPU
		{DB6EB859-6085-4724-B57D-4CECA5755625}.Release|Any CPU.Build.0 = Release|Any CPU
	EndGlobalSection
	GlobalSection(SolutionProperties) = preSolution
		HideSolutionNode = FALSE
	EndGlobalSection
EndGlobal
